
Microsoft Visual Studio Solution File, Format Version 12.00
# Visual Studio Version 17
VisualStudioVersion = 17.3.32901.215
MinimumVisualStudioVersion = 10.0.40219.1
Project("{FAE04EC0-301F-11D3-BF4B-00C04F79EFBC}") = "FFMP", "FFMP\FFMP.csproj", "{65079A5B-01E6-439E-9C06-36A01D9B5645}"
EndProject
Global
	GlobalSection(SolutionConfigurationPlatforms) = preSolution
		Debug|Any CPU = Debug|Any CPU
		Release|Any CPU = Release|Any CPU
	EndGlobalSection
	GlobalSection(ProjectConfigurationPlatforms) = postSolution
		{65079A5B-01E6-439E-9C06-36A01D9B5645}.Debug|Any CPU.ActiveCfg = Debug|Any CPU
		{65079A5B-01E6-439E-9C06-36A01D9B5645}.Debug|Any CPU.Build.0 = Debug|Any CPU
		{65079A5B-01E6-439E-9C06-36A01D9B5645}.Release|Any CPU.ActiveCfg = Release|Any CPU
		{65079A5B-01E6-439E-9C06-36A01D9B5645}.Release|Any CPU.Build.0 = Release|Any CPU
	EndGlobalSection
	GlobalSection(SolutionProperties) = preSolution
		HideSolutionNode = FALSE
	EndGlobalSection
	GlobalSection(ExtensibilityGlobals) = postSolution
		SolutionGuid = {7698EA59-346B-4B34-8932-6D333D893DD0}
	EndGlobalSection
EndGlobal
